
Microsoft Visual Studio Solution File, Format Version 12.00
# Visual Studio 2013
VisualStudioVersion = 12.0.31101.0
MinimumVisualStudioVersion = 10.0.40219.1
Project("{8BC9CEB8-8B4A-11D0-8D11-00A0C91BC942}") = "NativeScript.Tests", "NativeScript.Tests\NativeScript.Tests.vcxproj", "{04952562-86DC-4828-A5C7-076B5A9DAE2A}"
EndProject
Project("{8BC9CEB8-8B4A-11D0-8D11-00A0C91BC942}") = "NativeScript.Metadata", "NativeScript.Metadata\NativeScript.Metadata.vcxproj", "{6DDF5D49-4373-4EE9-8046-EA60FD21C3B2}"
EndProject
Project("{FAE04EC0-301F-11D3-BF4B-00C04F79EFBC}") = "NativeScript.Tests.Fixtures", "NativeScript.Tests.Fixtures\NativeScript.Tests.Fixtures.csproj", "{05AA4078-A82B-4536-99C3-2A6536DA6E31}"
EndProject
Project("{8BC9CEB8-8B4A-11D0-8D11-00A0C91BC942}") = "NativeScript.TestApp", "NativeScript.TestApp\NativeScript.TestApp.vcxproj", "{38E112BA-94A9-4595-BB52-1C65AA064403}"
EndProject
Global
	GlobalSection(SolutionConfigurationPlatforms) = preSolution
		Debug|Any CPU = Debug|Any CPU
		Debug|ARM = Debug|ARM
		Debug|Mixed Platforms = Debug|Mixed Platforms
		Debug|Win32 = Debug|Win32
		Debug|x86 = Debug|x86
		Release|Any CPU = Release|Any CPU
		Release|ARM = Release|ARM
		Release|Mixed Platforms = Release|Mixed Platforms
		Release|Win32 = Release|Win32
		Release|x86 = Release|x86
	EndGlobalSection
	GlobalSection(ProjectConfigurationPlatforms) = postSolution
		{04952562-86DC-4828-A5C7-076B5A9DAE2A}.Debug|Any CPU.ActiveCfg = Debug|Win32
		{04952562-86DC-4828-A5C7-076B5A9DAE2A}.Debug|ARM.ActiveCfg = Debug|ARM
		{04952562-86DC-4828-A5C7-076B5A9DAE2A}.Debug|ARM.Build.0 = Debug|ARM
		{04952562-86DC-4828-A5C7-076B5A9DAE2A}.Debug|ARM.Deploy.0 = Debug|ARM
		{04952562-86DC-4828-A5C7-076B5A9DAE2A}.Debug|Mixed Platforms.ActiveCfg = Debug|Win32
		{04952562-86DC-4828-A5C7-076B5A9DAE2A}.Debug|Mixed Platforms.Build.0 = Debug|Win32
		{04952562-86DC-4828-A5C7-076B5A9DAE2A}.Debug|Mixed Platforms.Deploy.0 = Debug|Win32
		{04952562-86DC-4828-A5C7-076B5A9DAE2A}.Debug|Win32.ActiveCfg = Debug|Win32
		{04952562-86DC-4828-A5C7-076B5A9DAE2A}.Debug|Win32.Build.0 = Debug|Win32
		{04952562-86DC-4828-A5C7-076B5A9DAE2A}.Debug|Win32.Deploy.0 = Debug|Win32
		{04952562-86DC-4828-A5C7-076B5A9DAE2A}.Debug|x86.ActiveCfg = Debug|Win32
		{04952562-86DC-4828-A5C7-076B5A9DAE2A}.Debug|x86.Build.0 = Debug|Win32
		{04952562-86DC-4828-A5C7-076B5A9DAE2A}.Debug|x86.Deploy.0 = Debug|Win32
		{04952562-86DC-4828-A5C7-076B5A9DAE2A}.Release|Any CPU.ActiveCfg = Release|Win32
		{04952562-86DC-4828-A5C7-076B5A9DAE2A}.Release|ARM.ActiveCfg = Release|ARM
		{04952562-86DC-4828-A5C7-076B5A9DAE2A}.Release|ARM.Build.0 = Release|ARM
		{04952562-86DC-4828-A5C7-076B5A9DAE2A}.Release|ARM.Deploy.0 = Release|ARM
		{04952562-86DC-4828-A5C7-076B5A9DAE2A}.Release|Mixed Platforms.ActiveCfg = Release|Win32
		{04952562-86DC-4828-A5C7-076B5A9DAE2A}.Release|Mixed Platforms.Build.0 = Release|Win32
		{04952562-86DC-4828-A5C7-076B5A9DAE2A}.Release|Mixed Platforms.Deploy.0 = Release|Win32
		{04952562-86DC-4828-A5C7-076B5A9DAE2A}.Release|Win32.ActiveCfg = Release|Win32
		{04952562-86DC-4828-A5C7-076B5A9DAE2A}.Release|Win32.Build.0 = Release|Win32
		{04952562-86DC-4828-A5C7-076B5A9DAE2A}.Release|Win32.Deploy.0 = Release|Win32
		{04952562-86DC-4828-A5C7-076B5A9DAE2A}.Release|x86.ActiveCfg = Release|Win32
		{04952562-86DC-4828-A5C7-076B5A9DAE2A}.Release|x86.Build.0 = Release|Win32
		{04952562-86DC-4828-A5C7-076B5A9DAE2A}.Release|x86.Deploy.0 = Release|Win32
		{6DDF5D49-4373-4EE9-8046-EA60FD21C3B2}.Debug|Any CPU.ActiveCfg = Debug|Win32
		{6DDF5D49-4373-4EE9-8046-EA60FD21C3B2}.Debug|ARM.ActiveCfg = Debug|ARM
		{6DDF5D49-4373-4EE9-8046-EA60FD21C3B2}.Debug|ARM.Build.0 = Debug|ARM
		{6DDF5D49-4373-4EE9-8046-EA60FD21C3B2}.Debug|Mixed Platforms.ActiveCfg = Debug|Win32
		{6DDF5D49-4373-4EE9-8046-EA60FD21C3B2}.Debug|Mixed Platforms.Build.0 = Debug|Win32
		{6DDF5D49-4373-4EE9-8046-EA60FD21C3B2}.Debug|Win32.ActiveCfg = Debug|Win32
		{6DDF5D49-4373-4EE9-8046-EA60FD21C3B2}.Debug|Win32.Build.0 = Debug|Win32
		{6DDF5D49-4373-4EE9-8046-EA60FD21C3B2}.Debug|x86.ActiveCfg = Debug|Win32
		{6DDF5D49-4373-4EE9-8046-EA60FD21C3B2}.Debug|x86.Build.0 = Debug|Win32
		{6DDF5D49-4373-4EE9-8046-EA60FD21C3B2}.Release|Any CPU.ActiveCfg = Release|Win32
		{6DDF5D49-4373-4EE9-8046-EA60FD21C3B2}.Release|ARM.ActiveCfg = Release|ARM
		{6DDF5D49-4373-4EE9-8046-EA60FD21C3B2}.Release|ARM.Build.0 = Release|ARM
		{6DDF5D49-4373-4EE9-8046-EA60FD21C3B2}.Release|Mixed Platforms.ActiveCfg = Release|Win32
		{6DDF5D49-4373-4EE9-8046-EA60FD21C3B2}.Release|Mixed Platforms.Build.0 = Release|Win32
		{6DDF5D49-4373-4EE9-8046-EA60FD21C3B2}.Release|Win32.ActiveCfg = Release|Win32
		{6DDF5D49-4373-4EE9-8046-EA60FD21C3B2}.Release|Win32.Build.0 = Release|Win32
		{6DDF5D49-4373-4EE9-8046-EA60FD21C3B2}.Release|x86.ActiveCfg = Release|Win32
		{6DDF5D49-4373-4EE9-8046-EA60FD21C3B2}.Release|x86.Build.0 = Release|Win32
		{05AA4078-A82B-4536-99C3-2A6536DA6E31}.Debug|Any CPU.ActiveCfg = Debug|Any CPU
		{05AA4078-A82B-4536-99C3-2A6536DA6E31}.Debug|Any CPU.Build.0 = Debug|Any CPU
		{05AA4078-A82B-4536-99C3-2A6536DA6E31}.Debug|ARM.ActiveCfg = Debug|ARM
		{05AA4078-A82B-4536-99C3-2A6536DA6E31}.Debug|ARM.Build.0 = Debug|ARM
		{05AA4078-A82B-4536-99C3-2A6536DA6E31}.Debug|Mixed Platforms.ActiveCfg = Debug|x86
		{05AA4078-A82B-4536-99C3-2A6536DA6E31}.Debug|Mixed Platforms.Build.0 = Debug|x86
		{05AA4078-A82B-4536-99C3-2A6536DA6E31}.Debug|Win32.ActiveCfg = Debug|x86
		{05AA4078-A82B-4536-99C3-2A6536DA6E31}.Debug|Win32.Build.0 = Debug|x86
		{05AA4078-A82B-4536-99C3-2A6536DA6E31}.Debug|x86.ActiveCfg = Debug|x86
		{05AA4078-A82B-4536-99C3-2A6536DA6E31}.Debug|x86.Build.0 = Debug|x86
		{05AA4078-A82B-4536-99C3-2A6536DA6E31}.Release|Any CPU.ActiveCfg = Release|Any CPU
		{05AA4078-A82B-4536-99C3-2A6536DA6E31}.Release|Any CPU.Build.0 = Release|Any CPU
		{05AA4078-A82B-4536-99C3-2A6536DA6E31}.Release|ARM.ActiveCfg = Release|ARM
		{05AA4078-A82B-4536-99C3-2A6536DA6E31}.Release|ARM.Build.0 = Release|ARM
		{05AA4078-A82B-4536-99C3-2A6536DA6E31}.Release|Mixed Platforms.ActiveCfg = Release|x86
		{05AA4078-A82B-4536-99C3-2A6536DA6E31}.Release|Mixed Platforms.Build.0 = Release|x86
		{05AA4078-A82B-4536-99C3-2A6536DA6E31}.Release|Win32.ActiveCfg = Release|x86
		{05AA4078-A82B-4536-99C3-2A6536DA6E31}.Release|Win32.Build.0 = Release|x86
		{05AA4078-A82B-4536-99C3-2A6536DA6E31}.Release|x86.ActiveCfg = Release|x86
		{05AA4078-A82B-4536-99C3-2A6536DA6E31}.Release|x86.Build.0 = Release|x86
		{38E112BA-94A9-4595-BB52-1C65AA064403}.Debug|Any CPU.ActiveCfg = Debug|Win32
		{38E112BA-94A9-4595-BB52-1C65AA064403}.Debug|ARM.ActiveCfg = Debug|ARM
		{38E112BA-94A9-4595-BB52-1C65AA064403}.Debug|ARM.Build.0 = Debug|ARM
		{38E112BA-94A9-4595-BB52-1C65AA064403}.Debug|ARM.Deploy.0 = Debug|ARM
		{38E112BA-94A9-4595-BB52-1C65AA064403}.Debug|Mixed Platforms.ActiveCfg = Debug|Win32
		{38E112BA-94A9-4595-BB52-1C65AA064403}.Debug|Mixed Platforms.Build.0 = Debug|Win32
		{38E112BA-94A9-4595-BB52-1C65AA064403}.Debug|Mixed Platforms.Deploy.0 = Debug|Win32
		{38E112BA-94A9-4595-BB52-1C65AA064403}.Debug|Win32.ActiveCfg = Debug|Win32
		{38E112BA-94A9-4595-BB52-1C65AA064403}.Debug|Win32.Build.0 = Debug|Win32
		{38E112BA-94A9-4595-BB52-1C65AA064403}.Debug|Win32.Deploy.0 = Debug|Win32
		{38E112BA-94A9-4595-BB52-1C65AA064403}.Debug|x86.ActiveCfg = Debug|Win32
		{38E112BA-94A9-4595-BB52-1C65AA064403}.Debug|x86.Build.0 = Debug|Win32
		{38E112BA-94A9-4595-BB52-1C65AA064403}.Debug|x86.Deploy.0 = Debug|Win32
		{38E112BA-94A9-4595-BB52-1C65AA064403}.Release|Any CPU.ActiveCfg = Release|Win32
		{38E112BA-94A9-4595-BB52-1C65AA064403}.Release|ARM.ActiveCfg = Release|ARM
		{38E112BA-94A9-4595-BB52-1C65AA064403}.Release|ARM.Build.0 = Release|ARM
		{38E112BA-94A9-4595-BB52-1C65AA064403}.Release|ARM.Deploy.0 = Release|ARM
		{38E112BA-94A9-4595-BB52-1C65AA064403}.Release|Mixed Platforms.ActiveCfg = Release|Win32
		{38E112BA-94A9-4595-BB52-1C65AA064403}.Release|Mixed Platforms.Build.0 = Release|Win32
		{38E112BA-94A9-4595-BB52-1C65AA064403}.Release|Mixed Platforms.Deploy.0 = Release|Win32
		{38E112BA-94A9-4595-BB52-1C65AA064403}.Release|Win32.ActiveCfg = Release|Win32
		{38E112BA-94A9-4595-BB52-1C65AA064403}.Release|Win32.Build.0 = Release|Win32
		{38E112BA-94A9-4595-BB52-1C65AA064403}.Release|Win32.Deploy.0 = Release|Win32
		{38E112BA-94A9-4595-BB52-1C65AA064403}.Release|x86.ActiveCfg = Release|Win32
		{38E112BA-94A9-4595-BB52-1C65AA064403}.Release|x86.Build.0 = Release|Win32
		{38E112BA-94A9-4595-BB52-1C65AA064403}.Release|x86.Deploy.0 = Release|Win32
	EndGlobalSection
	GlobalSection(SolutionProperties) = preSolution
		HideSolutionNode = FALSE
	EndGlobalSection
EndGlobal
