<?xml version="1.0" encoding="utf-8"?>
<Project ToolsVersion="14.0" xmlns="http://schemas.microsoft.com/developer/msbuild/2003">
  <ItemGroup>
    <Filter Include="Assets">
      <UniqueIdentifier>f6ce97e2-a46f-48c2-a4bc-01b461988ed5</UniqueIdentifier>
      <Extensions>bmp;fbx;gif;jpg;jpeg;tga;tiff;tif;png</Extensions>
    </Filter>
  </ItemGroup>
  <ItemGroup>
    <Image Include="Assets\LockScreenLogo.scale-200.png">
      <Filter>Assets</Filter>
    </Image>
    <Image Include="Assets\SplashScreen.scale-200.png">
      <Filter>Assets</Filter>
    </Image>
    <Image Include="Assets\Square150x150Logo.scale-200.png">
      <Filter>Assets</Filter>
    </Image>
    <Image Include="Assets\Square44x44Logo.scale-200.png">
      <Filter>Assets</Filter>
    </Image>
    <Image Include="Assets\Square44x44Logo.targetsize-24_altform-unplated.png">
      <Filter>Assets</Filter>
    </Image>
    <Image Include="Assets\StoreLogo.png">
      <Filter>Assets</Filter>
    </Image>
    <Image Include="Assets\Wide310x150Logo.scale-200.png">
      <Filter>Assets</Filter>
    </Image>
  </ItemGroup>
  <ItemGroup>
    <ClCompile Include="pch.cpp" />
    <ClCompile Include="Main.cpp" />
    <ClCompile Include="App.cpp" />
    <ClCompile Include="JsonPropertyProvider.cpp" />
    <ClCompile Include="JsonProperty.cpp" />
    <ClCompile Include="JsonVectorView.cpp" />
  </ItemGroup>
  <ItemGroup>
    <ClInclude Include="pch.h" />
    <ClInclude Include="App.h" />
    <ClInclude Include="JsonPropertyProvider.h" />
    <ClInclude Include="JsonProperty.h" />
    <ClInclude Include="JsonVectorView.h" />
    <ClInclude Include="AgileCallback.h" />
  </ItemGroup>
  <ItemGroup>
    <AppxManifest Include="Package.appxmanifest" />
  </ItemGroup>
  <ItemGroup>
    <Midl Include="CxxGameraww.idl" />
  </ItemGroup>
</Project>
