<?xml version="1.0" encoding="utf-8"?>
<Project ToolsVersion="4.0" xmlns="http://schemas.microsoft.com/developer/msbuild/2003">
  <ItemGroup>
    <ClCompile Include="pch.cpp" />
    <ClCompile Include="StructsTests.cpp">
      <Filter>TestCases</Filter>
    </ClCompile>
    <ClCompile Include="EnumsTests.cpp">
      <Filter>TestCases</Filter>
    </ClCompile>
    <ClCompile Include="ClassesTests.cpp">
      <Filter>TestCases</Filter>
    </ClCompile>
    <ClCompile Include="NamespacesTests.cpp">
      <Filter>TestCases</Filter>
    </ClCompile>
    <ClCompile Include="MarshalingTests.cpp">
      <Filter>TestCases</Filter>
    </ClCompile>
    <ClCompile Include="OverloadsTests.cpp">
      <Filter>TestCases</Filter>
    </ClCompile>
  </ItemGroup>
  <ItemGroup>
    <ClInclude Include="pch.h" />
  </ItemGroup>
  <ItemGroup>
    <Image Include="Assets\Logo.scale-240.png">
      <Filter>Assets</Filter>
    </Image>
    <Image Include="Assets\WideLogo.scale-240.png">
      <Filter>Assets</Filter>
    </Image>
    <Image Include="Assets\StoreLogo.scale-240.png">
      <Filter>Assets</Filter>
    </Image>
    <Image Include="Assets\Square71x71Logo.scale-240.png">
      <Filter>Assets</Filter>
    </Image>
    <Image Include="Assets\SplashScreen.scale-240.png">
      <Filter>Assets</Filter>
    </Image>
    <Image Include="Assets\SmallLogo.scale-240.png">
      <Filter>Assets</Filter>
    </Image>
  </ItemGroup>
  <ItemGroup>
    <AppxManifest Include="Package.appxmanifest" />
  </ItemGroup>
  <ItemGroup>
    <None Include="NativeScript.Tests_TemporaryKey.pfx" />
  </ItemGroup>
  <ItemGroup>
    <Filter Include="TestCases">
      <UniqueIdentifier>{d8b85e12-6150-4683-a29c-953778e17c2b}</UniqueIdentifier>
    </Filter>
    <Filter Include="Assets">
      <UniqueIdentifier>{81615a75-2b9c-488a-9897-83af7a9d5f70}</UniqueIdentifier>
    </Filter>
  </ItemGroup>
</Project>