<?xml version="1.0" encoding="utf-8"?>
<Project ToolsVersion="12.0" xmlns="http://schemas.microsoft.com/developer/msbuild/2003">
  <ItemGroup>
    <Filter Include="Ast">
      <UniqueIdentifier>{76d83043-eed9-4a6b-b04b-77da9cc0d2ac}</UniqueIdentifier>
    </Filter>
  </ItemGroup>
  <ItemGroup>
    <ClCompile Include="pch.cpp" />
    <ClCompile Include="ComHelpers.cpp" />
    <ClCompile Include="MetadataReader.cpp" />
    <ClCompile Include="EnumDeclaration.cpp">
      <Filter>Ast</Filter>
    </ClCompile>
    <ClCompile Include="EnumMemberDeclaration.cpp">
      <Filter>Ast</Filter>
    </ClCompile>
    <ClCompile Include="NamespaceDeclaration.cpp">
      <Filter>Ast</Filter>
    </ClCompile>
    <ClCompile Include="Declaration.cpp">
      <Filter>Ast</Filter>
    </ClCompile>
    <ClCompile Include="MetadataDeclaration.cpp">
      <Filter>Ast</Filter>
    </ClCompile>
  </ItemGroup>
  <ItemGroup>
    <ClInclude Include="pch.h" />
    <ClInclude Include="ComHelpers.h" />
    <ClInclude Include="MetadataReader.h" />
    <ClInclude Include="NamespaceDeclaration.h">
      <Filter>Ast</Filter>
    </ClInclude>
    <ClInclude Include="Ast.h">
      <Filter>Ast</Filter>
    </ClInclude>
    <ClInclude Include="EnumDeclaration.h">
      <Filter>Ast</Filter>
    </ClInclude>
    <ClInclude Include="EnumMemberDeclaration.h">
      <Filter>Ast</Filter>
    </ClInclude>
    <ClInclude Include="Declaration.h">
      <Filter>Ast</Filter>
    </ClInclude>
    <ClInclude Include="MetadataDeclaration.h">
      <Filter>Ast</Filter>
    </ClInclude>
  </ItemGroup>
</Project>